
Microsoft Visual Studio Solution File, Format Version 12.00
# Visual Studio 15
VisualStudioVersion = 15.0.26124.0
MinimumVisualStudioVersion = 15.0.26124.0
Project("{FAE04EC0-301F-11D3-BF4B-00C04F79EFBC}") = "Domain", "Domain\Domain.csproj", "{C5478F3C-D625-4ECA-A1C4-6061D1C0B026}"
EndProject
Project("{FAE04EC0-301F-11D3-BF4B-00C04F79EFBC}") = "Application", "Application\Application.csproj", "{F9B06BA0-8FE1-4200-A11C-D385DEE00790}"
EndProject
Project("{FAE04EC0-301F-11D3-BF4B-00C04F79EFBC}") = "Persistence", "Persistence\Persistence.csproj", "{AFC4189C-42A9-421D-B42C-BAC33860D159}"
EndProject
Project("{FAE04EC0-301F-11D3-BF4B-00C04F79EFBC}") = "API", "API\API.csproj", "{2AE4270B-5143-4E30-9188-4584D23B8A8E}"
EndProject
Global
	GlobalSection(SolutionConfigurationPlatforms) = preSolution
		Debug|Any CPU = Debug|Any CPU
		Debug|x64 = Debug|x64
		Debug|x86 = Debug|x86
		Release|Any CPU = Release|Any CPU
		Release|x64 = Release|x64
		Release|x86 = Release|x86
	EndGlobalSection
	GlobalSection(SolutionProperties) = preSolution
		HideSolutionNode = FALSE
	EndGlobalSection
	GlobalSection(ProjectConfigurationPlatforms) = postSolution
		{C5478F3C-D625-4ECA-A1C4-6061D1C0B026}.Debug|Any CPU.ActiveCfg = Debug|Any CPU
		{C5478F3C-D625-4ECA-A1C4-6061D1C0B026}.Debug|Any CPU.Build.0 = Debug|Any CPU
		{C5478F3C-D625-4ECA-A1C4-6061D1C0B026}.Debug|x64.ActiveCfg = Debug|Any CPU
		{C5478F3C-D625-4ECA-A1C4-6061D1C0B026}.Debug|x64.Build.0 = Debug|Any CPU
		{C5478F3C-D625-4ECA-A1C4-6061D1C0B026}.Debug|x86.ActiveCfg = Debug|Any CPU
		{C5478F3C-D625-4ECA-A1C4-6061D1C0B026}.Debug|x86.Build.0 = Debug|Any CPU
		{C5478F3C-D625-4ECA-A1C4-6061D1C0B026}.Release|Any CPU.ActiveCfg = Release|Any CPU
		{C5478F3C-D625-4ECA-A1C4-6061D1C0B026}.Release|Any CPU.Build.0 = Release|Any CPU
		{C5478F3C-D625-4ECA-A1C4-6061D1C0B026}.Release|x64.ActiveCfg = Release|Any CPU
		{C5478F3C-D625-4ECA-A1C4-6061D1C0B026}.Release|x64.Build.0 = Release|Any CPU
		{C5478F3C-D625-4ECA-A1C4-6061D1C0B026}.Release|x86.ActiveCfg = Release|Any CPU
		{C5478F3C-D625-4ECA-A1C4-6061D1C0B026}.Release|x86.Build.0 = Release|Any CPU
		{F9B06BA0-8FE1-4200-A11C-D385DEE00790}.Debug|Any CPU.ActiveCfg = Debug|Any CPU
		{F9B06BA0-8FE1-4200-A11C-D385DEE00790}.Debug|Any CPU.Build.0 = Debug|Any CPU
		{F9B06BA0-8FE1-4200-A11C-D385DEE00790}.Debug|x64.ActiveCfg = Debug|Any CPU
		{F9B06BA0-8FE1-4200-A11C-D385DEE00790}.Debug|x64.Build.0 = Debug|Any CPU
		{F9B06BA0-8FE1-4200-A11C-D385DEE00790}.Debug|x86.ActiveCfg = Debug|Any CPU
		{F9B06BA0-8FE1-4200-A11C-D385DEE00790}.Debug|x86.Build.0 = Debug|Any CPU
		{F9B06BA0-8FE1-4200-A11C-D385DEE00790}.Release|Any CPU.ActiveCfg = Release|Any CPU
		{F9B06BA0-8FE1-4200-A11C-D385DEE00790}.Release|Any CPU.Build.0 = Release|Any CPU
		{F9B06BA0-8FE1-4200-A11C-D385DEE00790}.Release|x64.ActiveCfg = Release|Any CPU
		{F9B06BA0-8FE1-4200-A11C-D385DEE00790}.Release|x64.Build.0 = Release|Any CPU
		{F9B06BA0-8FE1-4200-A11C-D385DEE00790}.Release|x86.ActiveCfg = Release|Any CPU
		{F9B06BA0-8FE1-4200-A11C-D385DEE00790}.Release|x86.Build.0 = Release|Any CPU
		{AFC4189C-42A9-421D-B42C-BAC33860D159}.Debug|Any CPU.ActiveCfg = Debug|Any CPU
		{AFC4189C-42A9-421D-B42C-BAC33860D159}.Debug|Any CPU.Build.0 = Debug|Any CPU
		{AFC4189C-42A9-421D-B42C-BAC33860D159}.Debug|x64.ActiveCfg = Debug|Any CPU
		{AFC4189C-42A9-421D-B42C-BAC33860D159}.Debug|x64.Build.0 = Debug|Any CPU
		{AFC4189C-42A9-421D-B42C-BAC33860D159}.Debug|x86.ActiveCfg = Debug|Any CPU
		{AFC4189C-42A9-421D-B42C-BAC33860D159}.Debug|x86.Build.0 = Debug|Any CPU
		{AFC4189C-42A9-421D-B42C-BAC33860D159}.Release|Any CPU.ActiveCfg = Release|Any CPU
		{AFC4189C-42A9-421D-B42C-BAC33860D159}.Release|Any CPU.Build.0 = Release|Any CPU
		{AFC4189C-42A9-421D-B42C-BAC33860D159}.Release|x64.ActiveCfg = Release|Any CPU
		{AFC4189C-42A9-421D-B42C-BAC33860D159}.Release|x64.Build.0 = Release|Any CPU
		{AFC4189C-42A9-421D-B42C-BAC33860D159}.Release|x86.ActiveCfg = Release|Any CPU
		{AFC4189C-42A9-421D-B42C-BAC33860D159}.Release|x86.Build.0 = Release|Any CPU
		{2AE4270B-5143-4E30-9188-4584D23B8A8E}.Debug|Any CPU.ActiveCfg = Debug|Any CPU
		{2AE4270B-5143-4E30-9188-4584D23B8A8E}.Debug|Any CPU.Build.0 = Debug|Any CPU
		{2AE4270B-5143-4E30-9188-4584D23B8A8E}.Debug|x64.ActiveCfg = Debug|Any CPU
		{2AE4270B-5143-4E30-9188-4584D23B8A8E}.Debug|x64.Build.0 = Debug|Any CPU
		{2AE4270B-5143-4E30-9188-4584D23B8A8E}.Debug|x86.ActiveCfg = Debug|Any CPU
		{2AE4270B-5143-4E30-9188-4584D23B8A8E}.Debug|x86.Build.0 = Debug|Any CPU
		{2AE4270B-5143-4E30-9188-4584D23B8A8E}.Release|Any CPU.ActiveCfg = Release|Any CPU
		{2AE4270B-5143-4E30-9188-4584D23B8A8E}.Release|Any CPU.Build.0 = Release|Any CPU
		{2AE4270B-5143-4E30-9188-4584D23B8A8E}.Release|x64.ActiveCfg = Release|Any CPU
		{2AE4270B-5143-4E30-9188-4584D23B8A8E}.Release|x64.Build.0 = Release|Any CPU
		{2AE4270B-5143-4E30-9188-4584D23B8A8E}.Release|x86.ActiveCfg = Release|Any CPU
		{2AE4270B-5143-4E30-9188-4584D23B8A8E}.Release|x86.Build.0 = Release|Any CPU
	EndGlobalSection
EndGlobal
